
Microsoft Visual Studio Solution File, Format Version 12.00
# Visual Studio Version 17
VisualStudioVersion = 17.4.33403.182
MinimumVisualStudioVersion = 10.0.40219.1
Project("{FAE04EC0-301F-11D3-BF4B-00C04F79EFBC}") = "PTUDW1", "PTUDW1\PTUDW1.csproj", "{2421AC10-A6D1-48B7-8186-A799AFDDAC97}"
EndProject
Global
	GlobalSection(SolutionConfigurationPlatforms) = preSolution
		Debug|Any CPU = Debug|Any CPU
		Release|Any CPU = Release|Any CPU
	EndGlobalSection
	GlobalSection(ProjectConfigurationPlatforms) = postSolution
		{2421AC10-A6D1-48B7-8186-A799AFDDAC97}.Debug|Any CPU.ActiveCfg = Debug|Any CPU
		{2421AC10-A6D1-48B7-8186-A799AFDDAC97}.Debug|Any CPU.Build.0 = Debug|Any CPU
		{2421AC10-A6D1-48B7-8186-A799AFDDAC97}.Release|Any CPU.ActiveCfg = Release|Any CPU
		{2421AC10-A6D1-48B7-8186-A799AFDDAC97}.Release|Any CPU.Build.0 = Release|Any CPU
	EndGlobalSection
	GlobalSection(SolutionProperties) = preSolution
		HideSolutionNode = FALSE
	EndGlobalSection
	GlobalSection(ExtensibilityGlobals) = postSolution
		SolutionGuid = {A157F11C-F3AA-4CAE-850F-FFA1A1D7658B}
	EndGlobalSection
EndGlobal
